
Microsoft Visual Studio Solution File, Format Version 12.00
# Visual Studio Version 16
VisualStudioVersion = 16.0.33027.164
MinimumVisualStudioVersion = 10.0.40219.1
Project("{FAE04EC0-301F-11D3-BF4B-00C04F79EFBC}") = "ClickMe", "ClickMe.csproj", "{BF4EB082-B8F2-493B-B94B-F62F7AB5E923}"
EndProject
Global
	GlobalSection(SolutionConfigurationPlatforms) = preSolution
		Debug|Any CPU = Debug|Any CPU
		Release|Any CPU = Release|Any CPU
	EndGlobalSection
	GlobalSection(ProjectConfigurationPlatforms) = postSolution
		{BF4EB082-B8F2-493B-B94B-F62F7AB5E923}.Debug|Any CPU.ActiveCfg = Debug|Any CPU
		{BF4EB082-B8F2-493B-B94B-F62F7AB5E923}.Debug|Any CPU.Build.0 = Debug|Any CPU
		{BF4EB082-B8F2-493B-B94B-F62F7AB5E923}.Release|Any CPU.ActiveCfg = Release|Any CPU
		{BF4EB082-B8F2-493B-B94B-F62F7AB5E923}.Release|Any CPU.Build.0 = Release|Any CPU
	EndGlobalSection
	GlobalSection(SolutionProperties) = preSolution
		HideSolutionNode = FALSE
	EndGlobalSection
	GlobalSection(ExtensibilityGlobals) = postSolution
		SolutionGuid = {645417AF-4AB7-4B0D-B4EB-361F049DD92A}
	EndGlobalSection
EndGlobal
